// !$*UTF8*$!
{
	archiveVersion = 1;
	classes = {
	};
	objectVersion = 46;
	objects = {

/* Begin PBXBuildFile section */
		723F16891D49F2AE002D434A /* AppDelegate.swift in Sources */ = {isa = PBXBuildFile; fileRef = 723F16881D49F2AE002D434A /* AppDelegate.swift */; };
		723F168B1D49F2AE002D434A /* ViewController.swift in Sources */ = {isa = PBXBuildFile; fileRef = 723F168A1D49F2AE002D434A /* ViewController.swift */; };
		723F168E1D49F2AE002D434A /* Main.storyboard in Resources */ = {isa = PBXBuildFile; fileRef = 723F168C1D49F2AE002D434A /* Main.storyboard */; };
		723F16901D49F2AE002D434A /* Assets.xcassets in Resources */ = {isa = PBXBuildFile; fileRef = 723F168F1D49F2AE002D434A /* Assets.xcassets */; };
		723F16931D49F2AE002D434A /* LaunchScreen.storyboard in Resources */ = {isa = PBXBuildFile; fileRef = 723F16911D49F2AE002D434A /* LaunchScreen.storyboard */; };
/* End PBXBuildFile section */

/* Begin PBXFileReference section */
		723F16851D49F2AE002D434A /* StoryboardSample.app */ = {isa = PBXFileReference; explicitFileType = wrapper.application; includeInIndex = 0; path = StoryboardSample.app; sourceTree = BUILT_PRODUCTS_DIR; };
		723F16881D49F2AE002D434A /* AppDelegate.swift */ = {isa = PBXFileReference; lastKnownFileType = sourcecode.swift; path = AppDelegate.swift; sourceTree = "<group>"; };
		723F168A1D49F2AE002D434A /* ViewController.swift */ = {isa = PBXFileReference; lastKnownFileType = sourcecode.swift; path = ViewController.swift; sourceTree = "<group>"; };
		723F168D1D49F2AE002D434A /* Base */ = {isa = PBXFileReference; lastKnownFileType = file.storyboard; name = Base; path = Base.lproj/Main.storyboard; sourceTree = "<group>"; };
		723F168F1D49F2AE002D434A /* Assets.xcassets */ = {isa = PBXFileReference; lastKnownFileType = folder.assetcatalog; path = Assets.xcassets; sourceTree = "<group>"; };
		723F16921D49F2AE002D434A /* Base */ = {isa = PBXFileReference; lastKnownFileType = file.storyboard; name = Base; path = Base.lproj/LaunchScreen.storyboard; sourceTree = "<group>"; };
		723F16941D49F2AE002D434A /* Info.plist */ = {isa = PBXFileReference; lastKnownFileType = text.plist.xml; path = Info.plist; sourceTree = "<group>"; };
/* End PBXFileReference section */

/* Begin PBXFrameworksBuildPhase section */
		723F16821D49F2AE002D434A /* Frameworks */ = {
			isa = PBXFrameworksBuildPhase;
			buildActionMask = 2147483647;
			files = (
			);
			runOnlyForDeploymentPostprocessing = 0;
		};
/* End PBXFrameworksBuildPhase section */

/* Begin PBXGroup section */
		723F167C1D49F2AD002D434A = {
			isa = PBXGroup;
			children = (
				723F16871D49F2AE002D434A /* StoryboardSample */,
				723F16861D49F2AE002D434A /* Products */,
			);
			sourceTree = "<group>";
		};
		723F16861D49F2AE002D434A /* Products */ = {
			isa = PBXGroup;
			children = (
				723F16851D49F2AE002D434A /* StoryboardSample.app */,
			);
			name = Products;
			sourceTree = "<group>";
		};
		723F16871D49F2AE002D434A /* StoryboardSample */ = {
			isa = PBXGroup;
			children = (
				723F16881D49F2AE002D434A /* AppDelegate.swift */,
				723F168A1D49F2AE002D434A /* ViewController.swift */,
				723F168C1D49F2AE002D434A /* Main.storyboard */,
				723F168F1D49F2AE002D434A /* Assets.xcassets */,
				723F16911D49F2AE002D434A /* LaunchScreen.storyboard */,
				723F16941D49F2AE002D434A /* Info.plist */,
			);
			path = StoryboardSample;
			sourceTree = "<group>";
		};
/* End PBXGroup section */

/* Begin PBXNativeTarget section */
		723F16841D49F2AE002D434A /* StoryboardSample */ = {
			isa = PBXNativeTarget;
			buildConfigurationList = 723F16971D49F2AE002D434A /* Build configuration list for PBXNativeTarget "StoryboardSample" */;
			buildPhases = (
				723F16811D49F2AE002D434A /* Sources */,
				723F16821D49F2AE002D434A /* Frameworks */,
				723F16831D49F2AE002D434A /* Resources */,
			);
			buildRules = (
			);
			dependencies = (
			);
			name = StoryboardSample;
			productName = StoryboardSample;
			productReference = 723F16851D49F2AE002D434A /* StoryboardSample.app */;
			productType = "com.apple.product-type.application";
		};
/* End PBXNativeTarget section */

/* Begin PBXProject section */
		723F167D1D49F2AE002D434A /* Project object */ = {
			isa = PBXProject;
			attributes = {
				LastSwiftUpdateCheck = 0730;
				LastUpgradeCheck = 0730;
				ORGANIZATIONNAME = soribada;
				TargetAttributes = {
					723F16841D49F2AE002D434A = {
						CreatedOnToolsVersion = 7.3.1;
					};
				};
			};
			buildConfigurationList = 723F16801D49F2AE002D434A /* Build configuration list for PBXProject "StoryboardSample" */;
			compatibilityVersion = "Xcode 3.2";
			developmentRegion = English;
			hasScannedForEncodings = 0;
			knownRegions = (
				en,
				Base,
			);
			mainGroup = 723F167C1D49F2AD002D434A;
			productRefGroup = 723F16861D49F2AE002D434A /* Products */;
			projectDirPath = "";
			projectRoot = "";
			targets = (
				723F16841D49F2AE002D434A /* StoryboardSample */,
			);
		};
/* End PBXProject section */

/* Begin PBXResourcesBuildPhase section */
		723F16831D49F2AE002D434A /* Resources */ = {
			isa = PBXResourcesBuildPhase;
			buildActionMask = 2147483647;
			files = (
				723F16931D49F2AE002D434A /* LaunchScreen.storyboard in Resources */,
				723F16901D49F2AE002D434A /* Assets.xcassets in Resources */,
				723F168E1D49F2AE002D434A /* Main.storyboard in Resources */,
			);
			runOnlyForDeploymentPostprocessing = 0;
		};
/* End PBXResourcesBuildPhase section */

/* Begin PBXSourcesBuildPhase section */
		723F16811D49F2AE002D434A /* Sources */ = {
			isa = PBXSourcesBuildPhase;
			buildActionMask = 2147483647;
			files = (
				723F168B1D49F2AE002D434A /* ViewController.swift in Sources */,
				723F16891D49F2AE002D434A /* AppDelegate.swift in Sources */,
			);
			runOnlyForDeploymentPostprocessing = 0;
		};
/* End PBXSourcesBuildPhase section */

/* Begin PBXVariantGroup section */
		723F168C1D49F2AE002D434A /* Main.storyboard */ = {
			isa = PBXVariantGroup;
			children = (
				723F168D1D49F2AE002D434A /* Base */,
			);
			name = Main.storyboard;
			sourceTree = "<group>";
		};
		723F16911D49F2AE002D434A /* LaunchScreen.storyboard */ = {
			isa = PBXVariantGroup;
			children = (
				723F16921D49F2AE002D434A /* Base */,
			);
			name = LaunchScreen.storyboard;
			sourceTree = "<group>";
		};
/* End PBXVariantGroup section */

/* Begin XCBuildConfiguration section */
		723F16951D49F2AE002D434A /* Debug */ = {
			isa = XCBuildConfiguration;
			buildSettings = {
				ALWAYS_SEARCH_USER_PATHS = NO;
				CLANG_ANALYZER_NONNULL = YES;
				CLANG_CXX_LANGUAGE_STANDARD = "gnu++0x";
				CLANG_CXX_LIBRARY = "libc++";
				CLANG_ENABLE_MODULES = YES;
				CLANG_ENABLE_OBJC_ARC = YES;
				CLANG_WARN_BOOL_CONVERSION = YES;
				CLANG_WARN_CONSTANT_CONVERSION = YES;
				CLANG_WARN_DIRECT_OBJC_ISA_USAGE = YES_ERROR;
				CLANG_WARN_EMPTY_BODY = YES;
				CLANG_WARN_ENUM_CONVERSION = YES;
				CLANG_WARN_INT_CONVERSION = YES;
				CLANG_WARN_OBJC_ROOT_CLASS = YES_ERROR;
				CLANG_WARN_UNREACHABLE_CODE = YES;
				CLANG_WARN__DUPLICATE_METHOD_MATCH = YES;
				"CODE_SIGN_IDENTITY[sdk=iphoneos*]" = "iPhone Developer";
				COPY_PHASE_STRIP = NO;
				DEBUG_INFORMATION_FORMAT = dwarf;
				ENABLE_STRICT_OBJC_MSGSEND = YES;
				ENABLE_TESTABILITY = YES;
				GCC_C_LANGUAGE_STANDARD = gnu99;
				GCC_DYNAMIC_NO_PIC = NO;
				GCC_NO_COMMON_BLOCKS = YES;
				GCC_OPTIMIZATION_LEVEL = 0;
				GCC_PREPROCESSOR_DEFINITIONS = (
					"DEBUG=1",
					"$(inherited)",
				);
				GCC_WARN_64_TO_32_BIT_CONVERSION = YES;
				GCC_WARN_ABOUT_RETURN_TYPE = YES_ERROR;
				GCC_WARN_UNDECLARED_SELECTOR = YES;
				GCC_WARN_UNINITIALIZED_AUTOS = YES_AGGRESSIVE;
				GCC_WARN_UNUSED_FUNCTION = YES;
				GCC_WARN_UNUSED_VARIABLE = YES;
				IPHONEOS_DEPLOYMENT_TARGET = 9.3;
				MTL_ENABLE_DEBUG_INFO = YES;
				ONLY_ACTIVE_ARCH = YES;
				SDKROOT = iphoneos;
				SWIFT_OPTIMIZATION_LEVEL = "-Onone";
				TARGETED_DEVICE_FAMILY = "1,2";
			};
			name = Debug;
		};
		723F16961D49F2AE002D434A /* Release */ = {
			isa = XCBuildConfiguration;
			buildSettings = {
				ALWAYS_SEARCH_USER_PATHS = NO;
				CLANG_ANALYZER_NONNULL = YES;
				CLANG_CXX_LANGUAGE_STANDARD = "gnu++0x";
				CLANG_CXX_LIBRARY = "libc++";
				CLANG_ENABLE_MODULES = YES;
				CLANG_ENABLE_OBJC_ARC = YES;
				CLANG_WARN_BOOL_CONVERSION = YES;
				CLANG_WARN_CONSTANT_CONVERSION = YES;
				CLANG_WARN_DIRECT_OBJC_ISA_USAGE = YES_ERROR;
				CLANG_WARN_EMPTY_BODY = YES;
				CLANG_WARN_ENUM_CONVERSION = YES;
				CLANG_WARN_INT_CONVERSION = YES;
				CLANG_WARN_OBJC_ROOT_CLASS = YES_ERROR;
				CLANG_WARN_UNREACHABLE_CODE = YES;
				CLANG_WARN__DUPLICATE_METHOD_MATCH = YES;
				"CODE_SIGN_IDENTITY[sdk=iphoneos*]" = "iPhone Developer";
				COPY_PHASE_STRIP = NO;
				DEBUG_INFORMATION_FORMAT = "dwarf-with-dsym";
				ENABLE_NS_ASSERTIONS = NO;
				ENABLE_STRICT_OBJC_MSGSEND = YES;
				GCC_C_LANGUAGE_STANDARD = gnu99;
				GCC_NO_COMMON_BLOCKS = YES;
				GCC_WARN_64_TO_32_BIT_CONVERSION = YES;
				GCC_WARN_ABOUT_RETURN_TYPE = YES_ERROR;
				GCC_WARN_UNDECLARED_SELECTOR = YES;
				GCC_WARN_UNINITIALIZED_AUTOS = YES_AGGRESSIVE;
				GCC_WARN_UNUSED_FUNCTION = YES;
				GCC_WARN_UNUSED_VARIABLE = YES;
				IPHONEOS_DEPLOYMENT_TARGET = 9.3;
				MTL_ENABLE_DEBUG_INFO = NO;
				SDKROOT = iphoneos;
				TARGETED_DEVICE_FAMILY = "1,2";
				VALIDATE_PRODUCT = YES;
			};
			name = Release;
		};
		723F16981D49F2AE002D434A /* Debug */ = {
			isa = XCBuildConfiguration;
			buildSettings = {
				ASSETCATALOG_COMPILER_APPICON_NAME = AppIcon;
				INFOPLIST_FILE = StoryboardSample/Info.plist;
				LD_RUNPATH_SEARCH_PATHS = "$(inherited) @executable_path/Frameworks";
				PRODUCT_BUNDLE_IDENTIFIER = com.soribada.StoryboardSample;
				PRODUCT_NAME = "$(TARGET_NAME)";
			};
			name = Debug;
		};
		723F16991D49F2AE002D434A /* Release */ = {
			isa = XCBuildConfiguration;
			buildSettings = {
				ASSETCATALOG_COMPILER_APPICON_NAME = AppIcon;
				INFOPLIST_FILE = StoryboardSample/Info.plist;
				LD_RUNPATH_SEARCH_PATHS = "$(inherited) @executable_path/Frameworks";
				PRODUCT_BUNDLE_IDENTIFIER = com.soribada.StoryboardSample;
				PRODUCT_NAME = "$(TARGET_NAME)";
			};
			name = Release;
		};
/* End XCBuildConfiguration section */

/* Begin XCConfigurationList section */
		723F16801D49F2AE002D434A /* Build configuration list for PBXProject "StoryboardSample" */ = {
			isa = XCConfigurationList;
			buildConfigurations = (
				723F16951D49F2AE002D434A /* Debug */,
				723F16961D49F2AE002D434A /* Release */,
			);
			defaultConfigurationIsVisible = 0;
			defaultConfigurationName = Release;
		};
		723F16971D49F2AE002D434A /* Build configuration list for PBXNativeTarget "StoryboardSample" */ = {
			isa = XCConfigurationList;
			buildConfigurations = (
				723F16981D49F2AE002D434A /* Debug */,
				723F16991D49F2AE002D434A /* Release */,
			);
			defaultConfigurationIsVisible = 0;
		};
/* End XCConfigurationList section */
	};
	rootObject = 723F167D1D49F2AE002D434A /* Project object */;
}
